
Microsoft Visual Studio Solution File, Format Version 12.00
# Visual Studio Version 17
VisualStudioVersion = 17.6.33723.286
MinimumVisualStudioVersion = 10.0.40219.1
Project("{FAE04EC0-301F-11D3-BF4B-00C04F79EFBC}") = "Backdrop", "Backdrop.csproj", "{2855EB99-7D14-46C5-B262-41500CC26330}"
EndProject
Global
	GlobalSection(SolutionConfigurationPlatforms) = preSolution
		Debug|Any CPU = Debug|Any CPU
		Release|Any CPU = Release|Any CPU
	EndGlobalSection
	GlobalSection(ProjectConfigurationPlatforms) = postSolution
		{2855EB99-7D14-46C5-B262-41500CC26330}.Debug|Any CPU.ActiveCfg = Debug|Any CPU
		{2855EB99-7D14-46C5-B262-41500CC26330}.Debug|Any CPU.Build.0 = Debug|Any CPU
		{2855EB99-7D14-46C5-B262-41500CC26330}.Release|Any CPU.ActiveCfg = Release|Any CPU
		{2855EB99-7D14-46C5-B262-41500CC26330}.Release|Any CPU.Build.0 = Release|Any CPU
	EndGlobalSection
	GlobalSection(SolutionProperties) = preSolution
		HideSolutionNode = FALSE
	EndGlobalSection
	GlobalSection(ExtensibilityGlobals) = postSolution
		SolutionGuid = {8EAEA6C7-9E44-4E62-8D53-D8E36FE1448F}
	EndGlobalSection
EndGlobal
